// !$*UTF8*$!
{
	archiveVersion = 1;
	classes = {
	};
	objectVersion = 46;
	objects = {

/* Begin PBXBuildFile section */
		5E5BB3C420B272A2004A5D97 /* libcrypto.a in Frameworks */ = {isa = PBXBuildFile; fileRef = 5E5BB3C220B272A1004A5D97 /* libcrypto.a */; };
		5E5BB3C520B272A2004A5D97 /* libssl.a in Frameworks */ = {isa = PBXBuildFile; fileRef = 5E5BB3C320B272A2004A5D97 /* libssl.a */; };
		5E90765D1EB1BC9E00D2EF6E /* HBRSAHandler.m in Sources */ = {isa = PBXBuildFile; fileRef = 5E90765C1EB1BC9E00D2EF6E /* HBRSAHandler.m */; };
		5E99DAC720CE3F7B007375A9 /* AESUtils.m in Sources */ = {isa = PBXBuildFile; fileRef = 5E99DAC520CE3F77007375A9 /* AESUtils.m */; };
		5EB8E2A920D938160004F0C5 /* SHAViewController.m in Sources */ = {isa = PBXBuildFile; fileRef = 5EB8E2A820D938160004F0C5 /* SHAViewController.m */; };
		5EB8E2AD20D938500004F0C5 /* NSString+SHA.m in Sources */ = {isa = PBXBuildFile; fileRef = 5EB8E2AC20D938500004F0C5 /* NSString+SHA.m */; };
		5ED82EDD1EAF871A00BB13A1 /* main.m in Sources */ = {isa = PBXBuildFile; fileRef = 5ED82EDC1EAF871A00BB13A1 /* main.m */; };
		5ED82EE01EAF871B00BB13A1 /* AppDelegate.m in Sources */ = {isa = PBXBuildFile; fileRef = 5ED82EDF1EAF871B00BB13A1 /* AppDelegate.m */; };
		5ED82EE31EAF871B00BB13A1 /* ViewController.m in Sources */ = {isa = PBXBuildFile; fileRef = 5ED82EE21EAF871B00BB13A1 /* ViewController.m */; };
		5ED82EE61EAF871B00BB13A1 /* Main.storyboard in Resources */ = {isa = PBXBuildFile; fileRef = 5ED82EE41EAF871B00BB13A1 /* Main.storyboard */; };
		5ED82EE81EAF871B00BB13A1 /* Assets.xcassets in Resources */ = {isa = PBXBuildFile; fileRef = 5ED82EE71EAF871B00BB13A1 /* Assets.xcassets */; };
		5ED82EEB1EAF871B00BB13A1 /* LaunchScreen.storyboard in Resources */ = {isa = PBXBuildFile; fileRef = 5ED82EE91EAF871B00BB13A1 /* LaunchScreen.storyboard */; };
		5ED82EF61EAF871B00BB13A1 /* EncryptDecryptDEMOTests.m in Sources */ = {isa = PBXBuildFile; fileRef = 5ED82EF51EAF871B00BB13A1 /* EncryptDecryptDEMOTests.m */; };
		5ED82F011EAF871B00BB13A1 /* EncryptDecryptDEMOUITests.m in Sources */ = {isa = PBXBuildFile; fileRef = 5ED82F001EAF871B00BB13A1 /* EncryptDecryptDEMOUITests.m */; };
		5ED82F101EAF894E00BB13A1 /* MD5ViewController.m in Sources */ = {isa = PBXBuildFile; fileRef = 5ED82F0F1EAF894E00BB13A1 /* MD5ViewController.m */; };
		5ED82F131EAF897300BB13A1 /* Base64ViewController.m in Sources */ = {isa = PBXBuildFile; fileRef = 5ED82F121EAF897300BB13A1 /* Base64ViewController.m */; };
		5ED82F161EAF898100BB13A1 /* AESViewController.m in Sources */ = {isa = PBXBuildFile; fileRef = 5ED82F151EAF898100BB13A1 /* AESViewController.m */; };
		5ED82F191EAF898800BB13A1 /* DESViewController.m in Sources */ = {isa = PBXBuildFile; fileRef = 5ED82F181EAF898800BB13A1 /* DESViewController.m */; };
		5ED82F1F1EAF899F00BB13A1 /* RSAViewController.m in Sources */ = {isa = PBXBuildFile; fileRef = 5ED82F1E1EAF899F00BB13A1 /* RSAViewController.m */; };
		5ED82F221EAF8C5400BB13A1 /* TripleDESViewController.m in Sources */ = {isa = PBXBuildFile; fileRef = 5ED82F211EAF8C5400BB13A1 /* TripleDESViewController.m */; };
		5ED82F281EAF8FBC00BB13A1 /* DESUtils.m in Sources */ = {isa = PBXBuildFile; fileRef = 5ED82F271EAF8FBC00BB13A1 /* DESUtils.m */; };
		5ED82F2B1EAF8FD600BB13A1 /* Base64Utils.m in Sources */ = {isa = PBXBuildFile; fileRef = 5ED82F2A1EAF8FD600BB13A1 /* Base64Utils.m */; };
		5ED82F341EAF957800BB13A1 /* NSString+MD5.m in Sources */ = {isa = PBXBuildFile; fileRef = 5ED82F331EAF957800BB13A1 /* NSString+MD5.m */; };
		5ED82F371EAF9C5C00BB13A1 /* TripleDESUtils.m in Sources */ = {isa = PBXBuildFile; fileRef = 5ED82F361EAF9C5B00BB13A1 /* TripleDESUtils.m */; };
/* End PBXBuildFile section */

/* Begin PBXContainerItemProxy section */
		5ED82EF21EAF871B00BB13A1 /* PBXContainerItemProxy */ = {
			isa = PBXContainerItemProxy;
			containerPortal = 5ED82ED01EAF871A00BB13A1 /* Project object */;
			proxyType = 1;
			remoteGlobalIDString = 5ED82ED71EAF871A00BB13A1;
			remoteInfo = EncryptDecryptDEMO;
		};
		5ED82EFD1EAF871B00BB13A1 /* PBXContainerItemProxy */ = {
			isa = PBXContainerItemProxy;
			containerPortal = 5ED82ED01EAF871A00BB13A1 /* Project object */;
			proxyType = 1;
			remoteGlobalIDString = 5ED82ED71EAF871A00BB13A1;
			remoteInfo = EncryptDecryptDEMO;
		};
/* End PBXContainerItemProxy section */

/* Begin PBXFileReference section */
		5E5BB3C220B272A1004A5D97 /* libcrypto.a */ = {isa = PBXFileReference; lastKnownFileType = archive.ar; path = libcrypto.a; sourceTree = "<group>"; };
		5E5BB3C320B272A2004A5D97 /* libssl.a */ = {isa = PBXFileReference; lastKnownFileType = archive.ar; path = libssl.a; sourceTree = "<group>"; };
		5E9076081EB1BC7D00D2EF6E /* aes.h */ = {isa = PBXFileReference; fileEncoding = 4; lastKnownFileType = sourcecode.c.h; path = aes.h; sourceTree = "<group>"; };
		5E9076091EB1BC7D00D2EF6E /* asn1.h */ = {isa = PBXFileReference; fileEncoding = 4; lastKnownFileType = sourcecode.c.h; path = asn1.h; sourceTree = "<group>"; };
		5E90760A1EB1BC7D00D2EF6E /* asn1_mac.h */ = {isa = PBXFileReference; fileEncoding = 4; lastKnownFileType = sourcecode.c.h; path = asn1_mac.h; sourceTree = "<group>"; };
		5E90760B1EB1BC7D00D2EF6E /* asn1t.h */ = {isa = PBXFileReference; fileEncoding = 4; lastKnownFileType = sourcecode.c.h; path = asn1t.h; sourceTree = "<group>"; };
		5E90760C1EB1BC7D00D2EF6E /* bio.h */ = {isa = PBXFileReference; fileEncoding = 4; lastKnownFileType = sourcecode.c.h; path = bio.h; sourceTree = "<group>"; };
		5E90760D1EB1BC7D00D2EF6E /* blowfish.h */ = {isa = PBXFileReference; fileEncoding = 4; lastKnownFileType = sourcecode.c.h; path = blowfish.h; sourceTree = "<group>"; };
		5E90760E1EB1BC7D00D2EF6E /* bn.h */ = {isa = PBXFileReference; fileEncoding = 4; lastKnownFileType = sourcecode.c.h; path = bn.h; sourceTree = "<group>"; };
		5E90760F1EB1BC7D00D2EF6E /* buffer.h */ = {isa = PBXFileReference; fileEncoding = 4; lastKnownFileType = sourcecode.c.h; path = buffer.h; sourceTree = "<group>"; };
		5E9076101EB1BC7D00D2EF6E /* camellia.h */ = {isa = PBXFileReference; fileEncoding = 4; lastKnownFileType = sourcecode.c.h; path = camellia.h; sourceTree = "<group>"; };
		5E9076111EB1BC7D00D2EF6E /* cast.h */ = {isa = PBXFileReference; fileEncoding = 4; lastKnownFileType = sourcecode.c.h; path = cast.h; sourceTree = "<group>"; };
		5E9076121EB1BC7D00D2EF6E /* cmac.h */ = {isa = PBXFileReference; fileEncoding = 4; lastKnownFileType = sourcecode.c.h; path = cmac.h; sourceTree = "<group>"; };
		5E9076131EB1BC7D00D2EF6E /* cms.h */ = {isa = PBXFileReference; fileEncoding = 4; lastKnownFileType = sourcecode.c.h; path = cms.h; sourceTree = "<group>"; };
		5E9076141EB1BC7D00D2EF6E /* comp.h */ = {isa = PBXFileReference; fileEncoding = 4; lastKnownFileType = sourcecode.c.h; path = comp.h; sourceTree = "<group>"; };
		5E9076151EB1BC7D00D2EF6E /* conf.h */ = {isa = PBXFileReference; fileEncoding = 4; lastKnownFileType = sourcecode.c.h; path = conf.h; sourceTree = "<group>"; };
		5E9076161EB1BC7D00D2EF6E /* conf_api.h */ = {isa = PBXFileReference; fileEncoding = 4; lastKnownFileType = sourcecode.c.h; path = conf_api.h; sourceTree = "<group>"; };
		5E9076171EB1BC7D00D2EF6E /* crypto.h */ = {isa = PBXFileReference; fileEncoding = 4; lastKnownFileType = sourcecode.c.h; path = crypto.h; sourceTree = "<group>"; };
		5E9076181EB1BC7D00D2EF6E /* des.h */ = {isa = PBXFileReference; fileEncoding = 4; lastKnownFileType = sourcecode.c.h; path = des.h; sourceTree = "<group>"; };
		5E9076191EB1BC7D00D2EF6E /* des_old.h */ = {isa = PBXFileReference; fileEncoding = 4; lastKnownFileType = sourcecode.c.h; path = des_old.h; sourceTree = "<group>"; };
		5E90761A1EB1BC7D00D2EF6E /* dh.h */ = {isa = PBXFileReference; fileEncoding = 4; lastKnownFileType = sourcecode.c.h; path = dh.h; sourceTree = "<group>"; };
		5E90761B1EB1BC7D00D2EF6E /* dsa.h */ = {isa = PBXFileReference; fileEncoding = 4; lastKnownFileType = sourcecode.c.h; path = dsa.h; sourceTree = "<group>"; };
		5E90761C1EB1BC7D00D2EF6E /* dso.h */ = {isa = PBXFileReference; fileEncoding = 4; lastKnownFileType = sourcecode.c.h; path = dso.h; sourceTree = "<group>"; };
		5E90761D1EB1BC7D00D2EF6E /* dtls1.h */ = {isa = PBXFileReference; fileEncoding = 4; lastKnownFileType = sourcecode.c.h; path = dtls1.h; sourceTree = "<group>"; };
		5E90761E1EB1BC7D00D2EF6E /* e_os2.h */ = {isa = PBXFileReference; fileEncoding = 4; lastKnownFileType = sourcecode.c.h; path = e_os2.h; sourceTree = "<group>"; };
		5E90761F1EB1BC7D00D2EF6E /* ebcdic.h */ = {isa = PBXFileReference; fileEncoding = 4; lastKnownFileType = sourcecode.c.h; path = ebcdic.h; sourceTree = "<group>"; };
		5E9076201EB1BC7D00D2EF6E /* ec.h */ = {isa = PBXFileReference; fileEncoding = 4; lastKnownFileType = sourcecode.c.h; path = ec.h; sourceTree = "<group>"; };
		5E9076211EB1BC7D00D2EF6E /* ecdh.h */ = {isa = PBXFileReference; fileEncoding = 4; lastKnownFileType = sourcecode.c.h; path = ecdh.h; sourceTree = "<group>"; };
		5E9076221EB1BC7D00D2EF6E /* ecdsa.h */ = {isa = PBXFileReference; fileEncoding = 4; lastKnownFileType = sourcecode.c.h; path = ecdsa.h; sourceTree = "<group>"; };
		5E9076231EB1BC7D00D2EF6E /* engine.h */ = {isa = PBXFileReference; fileEncoding = 4; lastKnownFileType = sourcecode.c.h; path = engine.h; sourceTree = "<group>"; };
		5E9076241EB1BC7D00D2EF6E /* err.h */ = {isa = PBXFileReference; fileEncoding = 4; lastKnownFileType = sourcecode.c.h; path = err.h; sourceTree = "<group>"; };
		5E9076251EB1BC7D00D2EF6E /* evp.h */ = {isa = PBXFileReference; fileEncoding = 4; lastKnownFileType = sourcecode.c.h; path = evp.h; sourceTree = "<group>"; };
		5E9076261EB1BC7D00D2EF6E /* hmac.h */ = {isa = PBXFileReference; fileEncoding = 4; lastKnownFileType = sourcecode.c.h; path = hmac.h; sourceTree = "<group>"; };
		5E9076271EB1BC7D00D2EF6E /* idea.h */ = {isa = PBXFileReference; fileEncoding = 4; lastKnownFileType = sourcecode.c.h; path = idea.h; sourceTree = "<group>"; };
		5E9076281EB1BC7D00D2EF6E /* krb5_asn.h */ = {isa = PBXFileReference; fileEncoding = 4; lastKnownFileType = sourcecode.c.h; path = krb5_asn.h; sourceTree = "<group>"; };
		5E9076291EB1BC7D00D2EF6E /* kssl.h */ = {isa = PBXFileReference; fileEncoding = 4; lastKnownFileType = sourcecode.c.h; path = kssl.h; sourceTree = "<group>"; };
		5E90762A1EB1BC7D00D2EF6E /* lhash.h */ = {isa = PBXFileReference; fileEncoding = 4; lastKnownFileType = sourcecode.c.h; path = lhash.h; sourceTree = "<group>"; };
		5E90762D1EB1BC7D00D2EF6E /* md4.h */ = {isa = PBXFileReference; fileEncoding = 4; lastKnownFileType = sourcecode.c.h; path = md4.h; sourceTree = "<group>"; };
		5E90762E1EB1BC7D00D2EF6E /* md5.h */ = {isa = PBXFileReference; fileEncoding = 4; lastKnownFileType = sourcecode.c.h; path = md5.h; sourceTree = "<group>"; };
		5E90762F1EB1BC7D00D2EF6E /* mdc2.h */ = {isa = PBXFileReference; fileEncoding = 4; lastKnownFileType = sourcecode.c.h; path = mdc2.h; sourceTree = "<group>"; };
		5E9076301EB1BC7D00D2EF6E /* modes.h */ = {isa = PBXFileReference; fileEncoding = 4; lastKnownFileType = sourcecode.c.h; path = modes.h; sourceTree = "<group>"; };
		5E9076311EB1BC7D00D2EF6E /* obj_mac.h */ = {isa = PBXFileReference; fileEncoding = 4; lastKnownFileType = sourcecode.c.h; path = obj_mac.h; sourceTree = "<group>"; };
		5E9076321EB1BC7D00D2EF6E /* objects.h */ = {isa = PBXFileReference; fileEncoding = 4; lastKnownFileType = sourcecode.c.h; path = objects.h; sourceTree = "<group>"; };
		5E9076331EB1BC7D00D2EF6E /* ocsp.h */ = {isa = PBXFileReference; fileEncoding = 4; lastKnownFileType = sourcecode.c.h; path = ocsp.h; sourceTree = "<group>"; };
		5E9076341EB1BC7D00D2EF6E /* opensslconf.h */ = {isa = PBXFileReference; fileEncoding = 4; lastKnownFileType = sourcecode.c.h; path = opensslconf.h; sourceTree = "<group>"; };
		5E9076351EB1BC7D00D2EF6E /* opensslv.h */ = {isa = PBXFileReference; fileEncoding = 4; lastKnownFileType = sourcecode.c.h; path = opensslv.h; sourceTree = "<group>"; };
		5E9076361EB1BC7D00D2EF6E /* ossl_typ.h */ = {isa = PBXFileReference; fileEncoding = 4; lastKnownFileType = sourcecode.c.h; path = ossl_typ.h; sourceTree = "<group>"; };
		5E9076371EB1BC7D00D2EF6E /* pem.h */ = {isa = PBXFileReference; fileEncoding = 4; lastKnownFileType = sourcecode.c.h; path = pem.h; sourceTree = "<group>"; };
		5E9076381EB1BC7D00D2EF6E /* pem2.h */ = {isa = PBXFileReference; fileEncoding = 4; lastKnownFileType = sourcecode.c.h; path = pem2.h; sourceTree = "<group>"; };
		5E9076391EB1BC7D00D2EF6E /* pkcs12.h */ = {isa = PBXFileReference; fileEncoding = 4; lastKnownFileType = sourcecode.c.h; path = pkcs12.h; sourceTree = "<group>"; };
		5E90763A1EB1BC7D00D2EF6E /* pkcs7.h */ = {isa = PBXFileReference; fileEncoding = 4; lastKnownFileType = sourcecode.c.h; path = pkcs7.h; sourceTree = "<group>"; };
		5E90763B1EB1BC7D00D2EF6E /* pqueue.h */ = {isa = PBXFileReference; fileEncoding = 4; lastKnownFileType = sourcecode.c.h; path = pqueue.h; sourceTree = "<group>"; };
		5E90763C1EB1BC7D00D2EF6E /* rand.h */ = {isa = PBXFileReference; fileEncoding = 4; lastKnownFileType = sourcecode.c.h; path = rand.h; sourceTree = "<group>"; };
		5E90763D1EB1BC7D00D2EF6E /* rc2.h */ = {isa = PBXFileReference; fileEncoding = 4; lastKnownFileType = sourcecode.c.h; path = rc2.h; sourceTree = "<group>"; };
		5E90763E1EB1BC7D00D2EF6E /* rc4.h */ = {isa = PBXFileReference; fileEncoding = 4; lastKnownFileType = sourcecode.c.h; path = rc4.h; sourceTree = "<group>"; };
		5E90763F1EB1BC7D00D2EF6E /* ripemd.h */ = {isa = PBXFileReference; fileEncoding = 4; lastKnownFileType = sourcecode.c.h; path = ripemd.h; sourceTree = "<group>"; };
		5E9076401EB1BC7D00D2EF6E /* rsa.h */ = {isa = PBXFileReference; fileEncoding = 4; lastKnownFileType = sourcecode.c.h; path = rsa.h; sourceTree = "<group>"; };
		5E9076411EB1BC7D00D2EF6E /* safestack.h */ = {isa = PBXFileReference; fileEncoding = 4; lastKnownFileType = sourcecode.c.h; path = safestack.h; sourceTree = "<group>"; };
		5E9076421EB1BC7D00D2EF6E /* seed.h */ = {isa = PBXFileReference; fileEncoding = 4; lastKnownFileType = sourcecode.c.h; path = seed.h; sourceTree = "<group>"; };
		5E9076431EB1BC7D00D2EF6E /* sha.h */ = {isa = PBXFileReference; fileEncoding = 4; lastKnownFileType = sourcecode.c.h; path = sha.h; sourceTree = "<group>"; };
		5E9076441EB1BC7D00D2EF6E /* srp.h */ = {isa = PBXFileReference; fileEncoding = 4; lastKnownFileType = sourcecode.c.h; path = srp.h; sourceTree = "<group>"; };
		5E9076451EB1BC7D00D2EF6E /* srtp.h */ = {isa = PBXFileReference; fileEncoding = 4; lastKnownFileType = sourcecode.c.h; path = srtp.h; sourceTree = "<group>"; };
		5E9076461EB1BC7D00D2EF6E /* ssl.h */ = {isa = PBXFileReference; fileEncoding = 4; lastKnownFileType = sourcecode.c.h; path = ssl.h; sourceTree = "<group>"; };
		5E9076471EB1BC7D00D2EF6E /* ssl2.h */ = {isa = PBXFileReference; fileEncoding = 4; lastKnownFileType = sourcecode.c.h; path = ssl2.h; sourceTree = "<group>"; };
		5E9076481EB1BC7D00D2EF6E /* ssl23.h */ = {isa = PBXFileReference; fileEncoding = 4; lastKnownFileType = sourcecode.c.h; path = ssl23.h; sourceTree = "<group>"; };
		5E9076491EB1BC7D00D2EF6E /* ssl3.h */ = {isa = PBXFileReference; fileEncoding = 4; lastKnownFileType = sourcecode.c.h; path = ssl3.h; sourceTree = "<group>"; };
		5E90764A1EB1BC7D00D2EF6E /* stack.h */ = {isa = PBXFileReference; fileEncoding = 4; lastKnownFileType = sourcecode.c.h; path = stack.h; sourceTree = "<group>"; };
		5E90764B1EB1BC7D00D2EF6E /* symhacks.h */ = {isa = PBXFileReference; fileEncoding = 4; lastKnownFileType = sourcecode.c.h; path = symhacks.h; sourceTree = "<group>"; };
		5E90764C1EB1BC7D00D2EF6E /* tls1.h */ = {isa = PBXFileReference; fileEncoding = 4; lastKnownFileType = sourcecode.c.h; path = tls1.h; sourceTree = "<group>"; };
		5E90764D1EB1BC7D00D2EF6E /* ts.h */ = {isa = PBXFileReference; fileEncoding = 4; lastKnownFileType = sourcecode.c.h; path = ts.h; sourceTree = "<group>"; };
		5E90764E1EB1BC7D00D2EF6E /* txt_db.h */ = {isa = PBXFileReference; fileEncoding = 4; lastKnownFileType = sourcecode.c.h; path = txt_db.h; sourceTree = "<group>"; };
		5E90764F1EB1BC7D00D2EF6E /* ui.h */ = {isa = PBXFileReference; fileEncoding = 4; lastKnownFileType = sourcecode.c.h; path = ui.h; sourceTree = "<group>"; };
		5E9076501EB1BC7D00D2EF6E /* ui_compat.h */ = {isa = PBXFileReference; fileEncoding = 4; lastKnownFileType = sourcecode.c.h; path = ui_compat.h; sourceTree = "<group>"; };
		5E9076511EB1BC7D00D2EF6E /* whrlpool.h */ = {isa = PBXFileReference; fileEncoding = 4; lastKnownFileType = sourcecode.c.h; path = whrlpool.h; sourceTree = "<group>"; };
		5E9076521EB1BC7D00D2EF6E /* x509.h */ = {isa = PBXFileReference; fileEncoding = 4; lastKnownFileType = sourcecode.c.h; path = x509.h; sourceTree = "<group>"; };
		5E9076531EB1BC7D00D2EF6E /* x509_vfy.h */ = {isa = PBXFileReference; fileEncoding = 4; lastKnownFileType = sourcecode.c.h; path = x509_vfy.h; sourceTree = "<group>"; };
		5E9076541EB1BC7D00D2EF6E /* x509v3.h */ = {isa = PBXFileReference; fileEncoding = 4; lastKnownFileType = sourcecode.c.h; path = x509v3.h; sourceTree = "<group>"; };
		5E90765B1EB1BC9E00D2EF6E /* HBRSAHandler.h */ = {isa = PBXFileReference; fileEncoding = 4; lastKnownFileType = sourcecode.c.h; path = HBRSAHandler.h; sourceTree = "<group>"; };
		5E90765C1EB1BC9E00D2EF6E /* HBRSAHandler.m */ = {isa = PBXFileReference; fileEncoding = 4; lastKnownFileType = sourcecode.c.objc; path = HBRSAHandler.m; sourceTree = "<group>"; };
		5E99DAC520CE3F77007375A9 /* AESUtils.m */ = {isa = PBXFileReference; fileEncoding = 4; lastKnownFileType = sourcecode.c.objc; path = AESUtils.m; sourceTree = "<group>"; };
		5E99DAC620CE3F7A007375A9 /* AESUtils.h */ = {isa = PBXFileReference; fileEncoding = 4; lastKnownFileType = sourcecode.c.h; path = AESUtils.h; sourceTree = "<group>"; };
		5EB8E2A720D938160004F0C5 /* SHAViewController.h */ = {isa = PBXFileReference; lastKnownFileType = sourcecode.c.h; path = SHAViewController.h; sourceTree = "<group>"; };
		5EB8E2A820D938160004F0C5 /* SHAViewController.m */ = {isa = PBXFileReference; lastKnownFileType = sourcecode.c.objc; path = SHAViewController.m; sourceTree = "<group>"; };
		5EB8E2AB20D938500004F0C5 /* NSString+SHA.h */ = {isa = PBXFileReference; lastKnownFileType = sourcecode.c.h; path = "NSString+SHA.h"; sourceTree = "<group>"; };
		5EB8E2AC20D938500004F0C5 /* NSString+SHA.m */ = {isa = PBXFileReference; lastKnownFileType = sourcecode.c.objc; path = "NSString+SHA.m"; sourceTree = "<group>"; };
		5ED82ED81EAF871A00BB13A1 /* EncryptDecryptDEMO.app */ = {isa = PBXFileReference; explicitFileType = wrapper.application; includeInIndex = 0; path = EncryptDecryptDEMO.app; sourceTree = BUILT_PRODUCTS_DIR; };
		5ED82EDC1EAF871A00BB13A1 /* main.m */ = {isa = PBXFileReference; lastKnownFileType = sourcecode.c.objc; path = main.m; sourceTree = "<group>"; };
		5ED82EDE1EAF871B00BB13A1 /* AppDelegate.h */ = {isa = PBXFileReference; lastKnownFileType = sourcecode.c.h; path = AppDelegate.h; sourceTree = "<group>"; };
		5ED82EDF1EAF871B00BB13A1 /* AppDelegate.m */ = {isa = PBXFileReference; lastKnownFileType = sourcecode.c.objc; path = AppDelegate.m; sourceTree = "<group>"; };
		5ED82EE11EAF871B00BB13A1 /* ViewController.h */ = {isa = PBXFileReference; lastKnownFileType = sourcecode.c.h; path = ViewController.h; sourceTree = "<group>"; };
		5ED82EE21EAF871B00BB13A1 /* ViewController.m */ = {isa = PBXFileReference; lastKnownFileType = sourcecode.c.objc; path = ViewController.m; sourceTree = "<group>"; };
		5ED82EE51EAF871B00BB13A1 /* Base */ = {isa = PBXFileReference; lastKnownFileType = file.storyboard; name = Base; path = Base.lproj/Main.storyboard; sourceTree = "<group>"; };
		5ED82EE71EAF871B00BB13A1 /* Assets.xcassets */ = {isa = PBXFileReference; lastKnownFileType = folder.assetcatalog; path = Assets.xcassets; sourceTree = "<group>"; };
		5ED82EEA1EAF871B00BB13A1 /* Base */ = {isa = PBXFileReference; lastKnownFileType = file.storyboard; name = Base; path = Base.lproj/LaunchScreen.storyboard; sourceTree = "<group>"; };
		5ED82EEC1EAF871B00BB13A1 /* Info.plist */ = {isa = PBXFileReference; lastKnownFileType = text.plist.xml; path = Info.plist; sourceTree = "<group>"; };
		5ED82EF11EAF871B00BB13A1 /* EncryptDecryptDEMOTests.xctest */ = {isa = PBXFileReference; explicitFileType = wrapper.cfbundle; includeInIndex = 0; path = EncryptDecryptDEMOTests.xctest; sourceTree = BUILT_PRODUCTS_DIR; };
		5ED82EF51EAF871B00BB13A1 /* EncryptDecryptDEMOTests.m */ = {isa = PBXFileReference; lastKnownFileType = sourcecode.c.objc; path = EncryptDecryptDEMOTests.m; sourceTree = "<group>"; };
		5ED82EF71EAF871B00BB13A1 /* Info.plist */ = {isa = PBXFileReference; lastKnownFileType = text.plist.xml; path = Info.plist; sourceTree = "<group>"; };
		5ED82EFC1EAF871B00BB13A1 /* EncryptDecryptDEMOUITests.xctest */ = {isa = PBXFileReference; explicitFileType = wrapper.cfbundle; includeInIndex = 0; path = EncryptDecryptDEMOUITests.xctest; sourceTree = BUILT_PRODUCTS_DIR; };
		5ED82F001EAF871B00BB13A1 /* EncryptDecryptDEMOUITests.m */ = {isa = PBXFileReference; lastKnownFileType = sourcecode.c.objc; path = EncryptDecryptDEMOUITests.m; sourceTree = "<group>"; };
		5ED82F021EAF871B00BB13A1 /* Info.plist */ = {isa = PBXFileReference; lastKnownFileType = text.plist.xml; path = Info.plist; sourceTree = "<group>"; };
		5ED82F0E1EAF894E00BB13A1 /* MD5ViewController.h */ = {isa = PBXFileReference; fileEncoding = 4; lastKnownFileType = sourcecode.c.h; path = MD5ViewController.h; sourceTree = "<group>"; };
		5ED82F0F1EAF894E00BB13A1 /* MD5ViewController.m */ = {isa = PBXFileReference; fileEncoding = 4; lastKnownFileType = sourcecode.c.objc; path = MD5ViewController.m; sourceTree = "<group>"; };
		5ED82F111EAF897300BB13A1 /* Base64ViewController.h */ = {isa = PBXFileReference; fileEncoding = 4; lastKnownFileType = sourcecode.c.h; path = Base64ViewController.h; sourceTree = "<group>"; };
		5ED82F121EAF897300BB13A1 /* Base64ViewController.m */ = {isa = PBXFileReference; fileEncoding = 4; lastKnownFileType = sourcecode.c.objc; path = Base64ViewController.m; sourceTree = "<group>"; };
		5ED82F141EAF898100BB13A1 /* AESViewController.h */ = {isa = PBXFileReference; fileEncoding = 4; lastKnownFileType = sourcecode.c.h; path = AESViewController.h; sourceTree = "<group>"; };
		5ED82F151EAF898100BB13A1 /* AESViewController.m */ = {isa = PBXFileReference; fileEncoding = 4; lastKnownFileType = sourcecode.c.objc; path = AESViewController.m; sourceTree = "<group>"; };
		5ED82F171EAF898800BB13A1 /* DESViewController.h */ = {isa = PBXFileReference; fileEncoding = 4; lastKnownFileType = sourcecode.c.h; path = DESViewController.h; sourceTree = "<group>"; };
		5ED82F181EAF898800BB13A1 /* DESViewController.m */ = {isa = PBXFileReference; fileEncoding = 4; lastKnownFileType = sourcecode.c.objc; path = DESViewController.m; sourceTree = "<group>"; };
		5ED82F1D1EAF899F00BB13A1 /* RSAViewController.h */ = {isa = PBXFileReference; fileEncoding = 4; lastKnownFileType = sourcecode.c.h; path = RSAViewController.h; sourceTree = "<group>"; };
		5ED82F1E1EAF899F00BB13A1 /* RSAViewController.m */ = {isa = PBXFileReference; fileEncoding = 4; lastKnownFileType = sourcecode.c.objc; path = RSAViewController.m; sourceTree = "<group>"; };
		5ED82F201EAF8C5400BB13A1 /* TripleDESViewController.h */ = {isa = PBXFileReference; fileEncoding = 4; lastKnownFileType = sourcecode.c.h; path = TripleDESViewController.h; sourceTree = "<group>"; };
		5ED82F211EAF8C5400BB13A1 /* TripleDESViewController.m */ = {isa = PBXFileReference; fileEncoding = 4; lastKnownFileType = sourcecode.c.objc; path = TripleDESViewController.m; sourceTree = "<group>"; };
		5ED82F261EAF8FBC00BB13A1 /* DESUtils.h */ = {isa = PBXFileReference; fileEncoding = 4; lastKnownFileType = sourcecode.c.h; path = DESUtils.h; sourceTree = "<group>"; };
		5ED82F271EAF8FBC00BB13A1 /* DESUtils.m */ = {isa = PBXFileReference; fileEncoding = 4; lastKnownFileType = sourcecode.c.objc; path = DESUtils.m; sourceTree = "<group>"; };
		5ED82F291EAF8FD600BB13A1 /* Base64Utils.h */ = {isa = PBXFileReference; fileEncoding = 4; lastKnownFileType = sourcecode.c.h; path = Base64Utils.h; sourceTree = "<group>"; };
		5ED82F2A1EAF8FD600BB13A1 /* Base64Utils.m */ = {isa = PBXFileReference; fileEncoding = 4; lastKnownFileType = sourcecode.c.objc; path = Base64Utils.m; sourceTree = "<group>"; };
		5ED82F321EAF957800BB13A1 /* NSString+MD5.h */ = {isa = PBXFileReference; fileEncoding = 4; lastKnownFileType = sourcecode.c.h; path = "NSString+MD5.h"; sourceTree = "<group>"; };
		5ED82F331EAF957800BB13A1 /* NSString+MD5.m */ = {isa = PBXFileReference; fileEncoding = 4; lastKnownFileType = sourcecode.c.objc; path = "NSString+MD5.m"; sourceTree = "<group>"; };
		5ED82F351EAF9C5B00BB13A1 /* TripleDESUtils.h */ = {isa = PBXFileReference; fileEncoding = 4; lastKnownFileType = sourcecode.c.h; path = TripleDESUtils.h; sourceTree = "<group>"; };
		5ED82F361EAF9C5B00BB13A1 /* TripleDESUtils.m */ = {isa = PBXFileReference; fileEncoding = 4; lastKnownFileType = sourcecode.c.objc; path = TripleDESUtils.m; sourceTree = "<group>"; };
/* End PBXFileReference section */

/* Begin PBXFrameworksBuildPhase section */
		5ED82ED51EAF871A00BB13A1 /* Frameworks */ = {
			isa = PBXFrameworksBuildPhase;
			buildActionMask = 2147483647;
			files = (
				5E5BB3C520B272A2004A5D97 /* libssl.a in Frameworks */,
				5E5BB3C420B272A2004A5D97 /* libcrypto.a in Frameworks */,
			);
			runOnlyForDeploymentPostprocessing = 0;
		};
		5ED82EEE1EAF871B00BB13A1 /* Frameworks */ = {
			isa = PBXFrameworksBuildPhase;
			buildActionMask = 2147483647;
			files = (
			);
			runOnlyForDeploymentPostprocessing = 0;
		};
		5ED82EF91EAF871B00BB13A1 /* Frameworks */ = {
			isa = PBXFrameworksBuildPhase;
			buildActionMask = 2147483647;
			files = (
			);
			runOnlyForDeploymentPostprocessing = 0;
		};
/* End PBXFrameworksBuildPhase section */

/* Begin PBXGroup section */
		5E6794AE20B26E3100A0545B /* Other */ = {
			isa = PBXGroup;
			children = (
				5ED82EDE1EAF871B00BB13A1 /* AppDelegate.h */,
				5ED82EDF1EAF871B00BB13A1 /* AppDelegate.m */,
				5ED82EE11EAF871B00BB13A1 /* ViewController.h */,
				5ED82EE21EAF871B00BB13A1 /* ViewController.m */,
				5ED82EE41EAF871B00BB13A1 /* Main.storyboard */,
				5ED82EE71EAF871B00BB13A1 /* Assets.xcassets */,
				5ED82EE91EAF871B00BB13A1 /* LaunchScreen.storyboard */,
				5ED82EEC1EAF871B00BB13A1 /* Info.plist */,
			);
			path = Other;
			sourceTree = "<group>";
		};
		5E6794AF20B26E4F00A0545B /* EncryptDecryptUtils */ = {
			isa = PBXGroup;
			children = (
				5EB8E2AA20D938350004F0C5 /* SHA */,
				5E6794B520B26E8200A0545B /* RSAUtils */,
				5E6794B420B26E7E00A0545B /* DESUtils */,
				5E6794B320B26E7900A0545B /* TripleDESUtils */,
				5E6794B220B26E7400A0545B /* AESUtils */,
				5E6794B120B26E6A00A0545B /* Base64Utils */,
				5E6794B020B26E5C00A0545B /* MD5Utils */,
			);
			path = EncryptDecryptUtils;
			sourceTree = "<group>";
		};
		5E6794B020B26E5C00A0545B /* MD5Utils */ = {
			isa = PBXGroup;
			children = (
				5ED82F321EAF957800BB13A1 /* NSString+MD5.h */,
				5ED82F331EAF957800BB13A1 /* NSString+MD5.m */,
			);
			path = MD5Utils;
			sourceTree = "<group>";
		};
		5E6794B120B26E6A00A0545B /* Base64Utils */ = {
			isa = PBXGroup;
			children = (
				5ED82F291EAF8FD600BB13A1 /* Base64Utils.h */,
				5ED82F2A1EAF8FD600BB13A1 /* Base64Utils.m */,
			);
			path = Base64Utils;
			sourceTree = "<group>";
		};
		5E6794B220B26E7400A0545B /* AESUtils */ = {
			isa = PBXGroup;
			children = (
				5E99DAC620CE3F7A007375A9 /* AESUtils.h */,
				5E99DAC520CE3F77007375A9 /* AESUtils.m */,
			);
			path = AESUtils;
			sourceTree = "<group>";
		};
		5E6794B320B26E7900A0545B /* TripleDESUtils */ = {
			isa = PBXGroup;
			children = (
				5ED82F351EAF9C5B00BB13A1 /* TripleDESUtils.h */,
				5ED82F361EAF9C5B00BB13A1 /* TripleDESUtils.m */,
			);
			path = TripleDESUtils;
			sourceTree = "<group>";
		};
		5E6794B420B26E7E00A0545B /* DESUtils */ = {
			isa = PBXGroup;
			children = (
				5ED82F261EAF8FBC00BB13A1 /* DESUtils.h */,
				5ED82F271EAF8FBC00BB13A1 /* DESUtils.m */,
			);
			path = DESUtils;
			sourceTree = "<group>";
		};
		5E6794B520B26E8200A0545B /* RSAUtils */ = {
			isa = PBXGroup;
			children = (
				5E9076071EB1BC7D00D2EF6E /* openssl */,
				5E90765B1EB1BC9E00D2EF6E /* HBRSAHandler.h */,
				5E90765C1EB1BC9E00D2EF6E /* HBRSAHandler.m */,
				5E5BB3C220B272A1004A5D97 /* libcrypto.a */,
				5E5BB3C320B272A2004A5D97 /* libssl.a */,
			);
			path = RSAUtils;
			sourceTree = "<group>";
		};
		5E6794B620B26EB200A0545B /* ViewController */ = {
			isa = PBXGroup;
			children = (
				5EB8E2A620D937FF0004F0C5 /* SHA */,
				5E6794BC20B26EE800A0545B /* RSAUtils */,
				5E6794BB20B26EE300A0545B /* DESUtils */,
				5E6794BA20B26ED800A0545B /* TripleDESUtils */,
				5E6794B920B26ED300A0545B /* AESUtils */,
				5E6794B820B26ECE00A0545B /* Base64Utils */,
				5E6794B720B26EC500A0545B /* MD5Utils */,
			);
			path = ViewController;
			sourceTree = "<group>";
		};
		5E6794B720B26EC500A0545B /* MD5Utils */ = {
			isa = PBXGroup;
			children = (
				5ED82F0E1EAF894E00BB13A1 /* MD5ViewController.h */,
				5ED82F0F1EAF894E00BB13A1 /* MD5ViewController.m */,
			);
			path = MD5Utils;
			sourceTree = "<group>";
		};
		5E6794B820B26ECE00A0545B /* Base64Utils */ = {
			isa = PBXGroup;
			children = (
				5ED82F111EAF897300BB13A1 /* Base64ViewController.h */,
				5ED82F121EAF897300BB13A1 /* Base64ViewController.m */,
			);
			path = Base64Utils;
			sourceTree = "<group>";
		};
		5E6794B920B26ED300A0545B /* AESUtils */ = {
			isa = PBXGroup;
			children = (
				5ED82F141EAF898100BB13A1 /* AESViewController.h */,
				5ED82F151EAF898100BB13A1 /* AESViewController.m */,
			);
			path = AESUtils;
			sourceTree = "<group>";
		};
		5E6794BA20B26ED800A0545B /* TripleDESUtils */ = {
			isa = PBXGroup;
			children = (
				5ED82F201EAF8C5400BB13A1 /* TripleDESViewController.h */,
				5ED82F211EAF8C5400BB13A1 /* TripleDESViewController.m */,
			);
			path = TripleDESUtils;
			sourceTree = "<group>";
		};
		5E6794BB20B26EE300A0545B /* DESUtils */ = {
			isa = PBXGroup;
			children = (
				5ED82F171EAF898800BB13A1 /* DESViewController.h */,
				5ED82F181EAF898800BB13A1 /* DESViewController.m */,
			);
			path = DESUtils;
			sourceTree = "<group>";
		};
		5E6794BC20B26EE800A0545B /* RSAUtils */ = {
			isa = PBXGroup;
			children = (
				5ED82F1D1EAF899F00BB13A1 /* RSAViewController.h */,
				5ED82F1E1EAF899F00BB13A1 /* RSAViewController.m */,
			);
			path = RSAUtils;
			sourceTree = "<group>";
		};
		5E6794BD20B26F0C00A0545B /* Supporting Files */ = {
			isa = PBXGroup;
			children = (
				5ED82EDC1EAF871A00BB13A1 /* main.m */,
			);
			path = "Supporting Files";
			sourceTree = "<group>";
		};
		5E9076071EB1BC7D00D2EF6E /* openssl */ = {
			isa = PBXGroup;
			children = (
				5E9076081EB1BC7D00D2EF6E /* aes.h */,
				5E9076091EB1BC7D00D2EF6E /* asn1.h */,
				5E90760A1EB1BC7D00D2EF6E /* asn1_mac.h */,
				5E90760B1EB1BC7D00D2EF6E /* asn1t.h */,
				5E90760C1EB1BC7D00D2EF6E /* bio.h */,
				5E90760D1EB1BC7D00D2EF6E /* blowfish.h */,
				5E90760E1EB1BC7D00D2EF6E /* bn.h */,
				5E90760F1EB1BC7D00D2EF6E /* buffer.h */,
				5E9076101EB1BC7D00D2EF6E /* camellia.h */,
				5E9076111EB1BC7D00D2EF6E /* cast.h */,
				5E9076121EB1BC7D00D2EF6E /* cmac.h */,
				5E9076131EB1BC7D00D2EF6E /* cms.h */,
				5E9076141EB1BC7D00D2EF6E /* comp.h */,
				5E9076151EB1BC7D00D2EF6E /* conf.h */,
				5E9076161EB1BC7D00D2EF6E /* conf_api.h */,
				5E9076171EB1BC7D00D2EF6E /* crypto.h */,
				5E9076181EB1BC7D00D2EF6E /* des.h */,
				5E9076191EB1BC7D00D2EF6E /* des_old.h */,
				5E90761A1EB1BC7D00D2EF6E /* dh.h */,
				5E90761B1EB1BC7D00D2EF6E /* dsa.h */,
				5E90761C1EB1BC7D00D2EF6E /* dso.h */,
				5E90761D1EB1BC7D00D2EF6E /* dtls1.h */,
				5E90761E1EB1BC7D00D2EF6E /* e_os2.h */,
				5E90761F1EB1BC7D00D2EF6E /* ebcdic.h */,
				5E9076201EB1BC7D00D2EF6E /* ec.h */,
				5E9076211EB1BC7D00D2EF6E /* ecdh.h */,
				5E9076221EB1BC7D00D2EF6E /* ecdsa.h */,
				5E9076231EB1BC7D00D2EF6E /* engine.h */,
				5E9076241EB1BC7D00D2EF6E /* err.h */,
				5E9076251EB1BC7D00D2EF6E /* evp.h */,
				5E9076261EB1BC7D00D2EF6E /* hmac.h */,
				5E9076271EB1BC7D00D2EF6E /* idea.h */,
				5E9076281EB1BC7D00D2EF6E /* krb5_asn.h */,
				5E9076291EB1BC7D00D2EF6E /* kssl.h */,
				5E90762A1EB1BC7D00D2EF6E /* lhash.h */,
				5E90762D1EB1BC7D00D2EF6E /* md4.h */,
				5E90762E1EB1BC7D00D2EF6E /* md5.h */,
				5E90762F1EB1BC7D00D2EF6E /* mdc2.h */,
				5E9076301EB1BC7D00D2EF6E /* modes.h */,
				5E9076311EB1BC7D00D2EF6E /* obj_mac.h */,
				5E9076321EB1BC7D00D2EF6E /* objects.h */,
				5E9076331EB1BC7D00D2EF6E /* ocsp.h */,
				5E9076341EB1BC7D00D2EF6E /* opensslconf.h */,
				5E9076351EB1BC7D00D2EF6E /* opensslv.h */,
				5E9076361EB1BC7D00D2EF6E /* ossl_typ.h */,
				5E9076371EB1BC7D00D2EF6E /* pem.h */,
				5E9076381EB1BC7D00D2EF6E /* pem2.h */,
				5E9076391EB1BC7D00D2EF6E /* pkcs12.h */,
				5E90763A1EB1BC7D00D2EF6E /* pkcs7.h */,
				5E90763B1EB1BC7D00D2EF6E /* pqueue.h */,
				5E90763C1EB1BC7D00D2EF6E /* rand.h */,
				5E90763D1EB1BC7D00D2EF6E /* rc2.h */,
				5E90763E1EB1BC7D00D2EF6E /* rc4.h */,
				5E90763F1EB1BC7D00D2EF6E /* ripemd.h */,
				5E9076401EB1BC7D00D2EF6E /* rsa.h */,
				5E9076411EB1BC7D00D2EF6E /* safestack.h */,
				5E9076421EB1BC7D00D2EF6E /* seed.h */,
				5E9076431EB1BC7D00D2EF6E /* sha.h */,
				5E9076441EB1BC7D00D2EF6E /* srp.h */,
				5E9076451EB1BC7D00D2EF6E /* srtp.h */,
				5E9076461EB1BC7D00D2EF6E /* ssl.h */,
				5E9076471EB1BC7D00D2EF6E /* ssl2.h */,
				5E9076481EB1BC7D00D2EF6E /* ssl23.h */,
				5E9076491EB1BC7D00D2EF6E /* ssl3.h */,
				5E90764A1EB1BC7D00D2EF6E /* stack.h */,
				5E90764B1EB1BC7D00D2EF6E /* symhacks.h */,
				5E90764C1EB1BC7D00D2EF6E /* tls1.h */,
				5E90764D1EB1BC7D00D2EF6E /* ts.h */,
				5E90764E1EB1BC7D00D2EF6E /* txt_db.h */,
				5E90764F1EB1BC7D00D2EF6E /* ui.h */,
				5E9076501EB1BC7D00D2EF6E /* ui_compat.h */,
				5E9076511EB1BC7D00D2EF6E /* whrlpool.h */,
				5E9076521EB1BC7D00D2EF6E /* x509.h */,
				5E9076531EB1BC7D00D2EF6E /* x509_vfy.h */,
				5E9076541EB1BC7D00D2EF6E /* x509v3.h */,
			);
			path = openssl;
			sourceTree = "<group>";
		};
		5EB8E2A620D937FF0004F0C5 /* SHA */ = {
			isa = PBXGroup;
			children = (
				5EB8E2A720D938160004F0C5 /* SHAViewController.h */,
				5EB8E2A820D938160004F0C5 /* SHAViewController.m */,
			);
			path = SHA;
			sourceTree = "<group>";
		};
		5EB8E2AA20D938350004F0C5 /* SHA */ = {
			isa = PBXGroup;
			children = (
				5EB8E2AB20D938500004F0C5 /* NSString+SHA.h */,
				5EB8E2AC20D938500004F0C5 /* NSString+SHA.m */,
			);
			path = SHA;
			sourceTree = "<group>";
		};
		5ED82ECF1EAF871A00BB13A1 = {
			isa = PBXGroup;
			children = (
				5ED82EDA1EAF871A00BB13A1 /* EncryptDecryptDEMO */,
				5ED82EF41EAF871B00BB13A1 /* EncryptDecryptDEMOTests */,
				5ED82EFF1EAF871B00BB13A1 /* EncryptDecryptDEMOUITests */,
				5ED82ED91EAF871A00BB13A1 /* Products */,
			);
			sourceTree = "<group>";
		};
		5ED82ED91EAF871A00BB13A1 /* Products */ = {
			isa = PBXGroup;
			children = (
				5ED82ED81EAF871A00BB13A1 /* EncryptDecryptDEMO.app */,
				5ED82EF11EAF871B00BB13A1 /* EncryptDecryptDEMOTests.xctest */,
				5ED82EFC1EAF871B00BB13A1 /* EncryptDecryptDEMOUITests.xctest */,
			);
			name = Products;
			sourceTree = "<group>";
		};
		5ED82EDA1EAF871A00BB13A1 /* EncryptDecryptDEMO */ = {
			isa = PBXGroup;
			children = (
				5E6794AF20B26E4F00A0545B /* EncryptDecryptUtils */,
				5E6794B620B26EB200A0545B /* ViewController */,
				5E6794BD20B26F0C00A0545B /* Supporting Files */,
				5E6794AE20B26E3100A0545B /* Other */,
			);
			path = EncryptDecryptDEMO;
			sourceTree = "<group>";
		};
		5ED82EF41EAF871B00BB13A1 /* EncryptDecryptDEMOTests */ = {
			isa = PBXGroup;
			children = (
				5ED82EF51EAF871B00BB13A1 /* EncryptDecryptDEMOTests.m */,
				5ED82EF71EAF871B00BB13A1 /* Info.plist */,
			);
			path = EncryptDecryptDEMOTests;
			sourceTree = "<group>";
		};
		5ED82EFF1EAF871B00BB13A1 /* EncryptDecryptDEMOUITests */ = {
			isa = PBXGroup;
			children = (
				5ED82F001EAF871B00BB13A1 /* EncryptDecryptDEMOUITests.m */,
				5ED82F021EAF871B00BB13A1 /* Info.plist */,
			);
			path = EncryptDecryptDEMOUITests;
			sourceTree = "<group>";
		};
/* End PBXGroup section */

/* Begin PBXNativeTarget section */
		5ED82ED71EAF871A00BB13A1 /* EncryptDecryptDEMO */ = {
			isa = PBXNativeTarget;
			buildConfigurationList = 5ED82F051EAF871B00BB13A1 /* Build configuration list for PBXNativeTarget "EncryptDecryptDEMO" */;
			buildPhases = (
				5ED82ED41EAF871A00BB13A1 /* Sources */,
				5ED82ED51EAF871A00BB13A1 /* Frameworks */,
				5ED82ED61EAF871A00BB13A1 /* Resources */,
			);
			buildRules = (
			);
			dependencies = (
			);
			name = EncryptDecryptDEMO;
			productName = EncryptDecryptDEMO;
			productReference = 5ED82ED81EAF871A00BB13A1 /* EncryptDecryptDEMO.app */;
			productType = "com.apple.product-type.application";
		};
		5ED82EF01EAF871B00BB13A1 /* EncryptDecryptDEMOTests */ = {
			isa = PBXNativeTarget;
			buildConfigurationList = 5ED82F081EAF871B00BB13A1 /* Build configuration list for PBXNativeTarget "EncryptDecryptDEMOTests" */;
			buildPhases = (
				5ED82EED1EAF871B00BB13A1 /* Sources */,
				5ED82EEE1EAF871B00BB13A1 /* Frameworks */,
				5ED82EEF1EAF871B00BB13A1 /* Resources */,
			);
			buildRules = (
			);
			dependencies = (
				5ED82EF31EAF871B00BB13A1 /* PBXTargetDependency */,
			);
			name = EncryptDecryptDEMOTests;
			productName = EncryptDecryptDEMOTests;
			productReference = 5ED82EF11EAF871B00BB13A1 /* EncryptDecryptDEMOTests.xctest */;
			productType = "com.apple.product-type.bundle.unit-test";
		};
		5ED82EFB1EAF871B00BB13A1 /* EncryptDecryptDEMOUITests */ = {
			isa = PBXNativeTarget;
			buildConfigurationList = 5ED82F0B1EAF871B00BB13A1 /* Build configuration list for PBXNativeTarget "EncryptDecryptDEMOUITests" */;
			buildPhases = (
				5ED82EF81EAF871B00BB13A1 /* Sources */,
				5ED82EF91EAF871B00BB13A1 /* Frameworks */,
				5ED82EFA1EAF871B00BB13A1 /* Resources */,
			);
			buildRules = (
			);
			dependencies = (
				5ED82EFE1EAF871B00BB13A1 /* PBXTargetDependency */,
			);
			name = EncryptDecryptDEMOUITests;
			productName = EncryptDecryptDEMOUITests;
			productReference = 5ED82EFC1EAF871B00BB13A1 /* EncryptDecryptDEMOUITests.xctest */;
			productType = "com.apple.product-type.bundle.ui-testing";
		};
/* End PBXNativeTarget section */

/* Begin PBXProject section */
		5ED82ED01EAF871A00BB13A1 /* Project object */ = {
			isa = PBXProject;
			attributes = {
				LastUpgradeCheck = 0830;
				ORGANIZATIONNAME = zhouzezhou;
				TargetAttributes = {
					5ED82ED71EAF871A00BB13A1 = {
						CreatedOnToolsVersion = 8.3.1;
						DevelopmentTeam = CB29T9LDGP;
						ProvisioningStyle = Manual;
					};
					5ED82EF01EAF871B00BB13A1 = {
						CreatedOnToolsVersion = 8.3.1;
						DevelopmentTeam = CB29T9LDGP;
						ProvisioningStyle = Automatic;
						TestTargetID = 5ED82ED71EAF871A00BB13A1;
					};
					5ED82EFB1EAF871B00BB13A1 = {
						CreatedOnToolsVersion = 8.3.1;
						DevelopmentTeam = CB29T9LDGP;
						ProvisioningStyle = Automatic;
						TestTargetID = 5ED82ED71EAF871A00BB13A1;
					};
				};
			};
			buildConfigurationList = 5ED82ED31EAF871A00BB13A1 /* Build configuration list for PBXProject "EncryptDecryptDEMO" */;
			compatibilityVersion = "Xcode 3.2";
			developmentRegion = English;
			hasScannedForEncodings = 0;
			knownRegions = (
				en,
				Base,
			);
			mainGroup = 5ED82ECF1EAF871A00BB13A1;
			productRefGroup = 5ED82ED91EAF871A00BB13A1 /* Products */;
			projectDirPath = "";
			projectRoot = "";
			targets = (
				5ED82ED71EAF871A00BB13A1 /* EncryptDecryptDEMO */,
				5ED82EF01EAF871B00BB13A1 /* EncryptDecryptDEMOTests */,
				5ED82EFB1EAF871B00BB13A1 /* EncryptDecryptDEMOUITests */,
			);
		};
/* End PBXProject section */

/* Begin PBXResourcesBuildPhase section */
		5ED82ED61EAF871A00BB13A1 /* Resources */ = {
			isa = PBXResourcesBuildPhase;
			buildActionMask = 2147483647;
			files = (
				5ED82EEB1EAF871B00BB13A1 /* LaunchScreen.storyboard in Resources */,
				5ED82EE81EAF871B00BB13A1 /* Assets.xcassets in Resources */,
				5ED82EE61EAF871B00BB13A1 /* Main.storyboard in Resources */,
			);
			runOnlyForDeploymentPostprocessing = 0;
		};
		5ED82EEF1EAF871B00BB13A1 /* Resources */ = {
			isa = PBXResourcesBuildPhase;
			buildActionMask = 2147483647;
			files = (
			);
			runOnlyForDeploymentPostprocessing = 0;
		};
		5ED82EFA1EAF871B00BB13A1 /* Resources */ = {
			isa = PBXResourcesBuildPhase;
			buildActionMask = 2147483647;
			files = (
			);
			runOnlyForDeploymentPostprocessing = 0;
		};
/* End PBXResourcesBuildPhase section */

/* Begin PBXSourcesBuildPhase section */
		5ED82ED41EAF871A00BB13A1 /* Sources */ = {
			isa = PBXSourcesBuildPhase;
			buildActionMask = 2147483647;
			files = (
				5ED82EE31EAF871B00BB13A1 /* ViewController.m in Sources */,
				5ED82EE01EAF871B00BB13A1 /* AppDelegate.m in Sources */,
				5ED82F281EAF8FBC00BB13A1 /* DESUtils.m in Sources */,
				5EB8E2AD20D938500004F0C5 /* NSString+SHA.m in Sources */,
				5ED82F161EAF898100BB13A1 /* AESViewController.m in Sources */,
				5E90765D1EB1BC9E00D2EF6E /* HBRSAHandler.m in Sources */,
				5ED82F2B1EAF8FD600BB13A1 /* Base64Utils.m in Sources */,
				5ED82F1F1EAF899F00BB13A1 /* RSAViewController.m in Sources */,
				5E99DAC720CE3F7B007375A9 /* AESUtils.m in Sources */,
				5ED82F341EAF957800BB13A1 /* NSString+MD5.m in Sources */,
				5EB8E2A920D938160004F0C5 /* SHAViewController.m in Sources */,
				5ED82EDD1EAF871A00BB13A1 /* main.m in Sources */,
				5ED82F191EAF898800BB13A1 /* DESViewController.m in Sources */,
				5ED82F131EAF897300BB13A1 /* Base64ViewController.m in Sources */,
				5ED82F221EAF8C5400BB13A1 /* TripleDESViewController.m in Sources */,
				5ED82F371EAF9C5C00BB13A1 /* TripleDESUtils.m in Sources */,
				5ED82F101EAF894E00BB13A1 /* MD5ViewController.m in Sources */,
			);
			runOnlyForDeploymentPostprocessing = 0;
		};
		5ED82EED1EAF871B00BB13A1 /* Sources */ = {
			isa = PBXSourcesBuildPhase;
			buildActionMask = 2147483647;
			files = (
				5ED82EF61EAF871B00BB13A1 /* EncryptDecryptDEMOTests.m in Sources */,
			);
			runOnlyForDeploymentPostprocessing = 0;
		};
		5ED82EF81EAF871B00BB13A1 /* Sources */ = {
			isa = PBXSourcesBuildPhase;
			buildActionMask = 2147483647;
			files = (
				5ED82F011EAF871B00BB13A1 /* EncryptDecryptDEMOUITests.m in Sources */,
			);
			runOnlyForDeploymentPostprocessing = 0;
		};
/* End PBXSourcesBuildPhase section */

/* Begin PBXTargetDependency section */
		5ED82EF31EAF871B00BB13A1 /* PBXTargetDependency */ = {
			isa = PBXTargetDependency;
			target = 5ED82ED71EAF871A00BB13A1 /* EncryptDecryptDEMO */;
			targetProxy = 5ED82EF21EAF871B00BB13A1 /* PBXContainerItemProxy */;
		};
		5ED82EFE1EAF871B00BB13A1 /* PBXTargetDependency */ = {
			isa = PBXTargetDependency;
			target = 5ED82ED71EAF871A00BB13A1 /* EncryptDecryptDEMO */;
			targetProxy = 5ED82EFD1EAF871B00BB13A1 /* PBXContainerItemProxy */;
		};
/* End PBXTargetDependency section */

/* Begin PBXVariantGroup section */
		5ED82EE41EAF871B00BB13A1 /* Main.storyboard */ = {
			isa = PBXVariantGroup;
			children = (
				5ED82EE51EAF871B00BB13A1 /* Base */,
			);
			name = Main.storyboard;
			sourceTree = "<group>";
		};
		5ED82EE91EAF871B00BB13A1 /* LaunchScreen.storyboard */ = {
			isa = PBXVariantGroup;
			children = (
				5ED82EEA1EAF871B00BB13A1 /* Base */,
			);
			name = LaunchScreen.storyboard;
			sourceTree = "<group>";
		};
/* End PBXVariantGroup section */

/* Begin XCBuildConfiguration section */
		5ED82F031EAF871B00BB13A1 /* Debug */ = {
			isa = XCBuildConfiguration;
			buildSettings = {
				ALWAYS_SEARCH_USER_PATHS = NO;
				CLANG_ANALYZER_NONNULL = YES;
				CLANG_ANALYZER_NUMBER_OBJECT_CONVERSION = YES_AGGRESSIVE;
				CLANG_CXX_LANGUAGE_STANDARD = "gnu++0x";
				CLANG_CXX_LIBRARY = "libc++";
				CLANG_ENABLE_MODULES = YES;
				CLANG_ENABLE_OBJC_ARC = YES;
				CLANG_WARN_BOOL_CONVERSION = YES;
				CLANG_WARN_CONSTANT_CONVERSION = YES;
				CLANG_WARN_DIRECT_OBJC_ISA_USAGE = YES_ERROR;
				CLANG_WARN_DOCUMENTATION_COMMENTS = YES;
				CLANG_WARN_EMPTY_BODY = YES;
				CLANG_WARN_ENUM_CONVERSION = YES;
				CLANG_WARN_INFINITE_RECURSION = YES;
				CLANG_WARN_INT_CONVERSION = YES;
				CLANG_WARN_OBJC_ROOT_CLASS = YES_ERROR;
				CLANG_WARN_SUSPICIOUS_MOVE = YES;
				CLANG_WARN_UNREACHABLE_CODE = YES;
				CLANG_WARN__DUPLICATE_METHOD_MATCH = YES;
				"CODE_SIGN_IDENTITY[sdk=iphoneos*]" = "iPhone Developer";
				COPY_PHASE_STRIP = NO;
				DEBUG_INFORMATION_FORMAT = dwarf;
				ENABLE_STRICT_OBJC_MSGSEND = YES;
				ENABLE_TESTABILITY = YES;
				GCC_C_LANGUAGE_STANDARD = gnu99;
				GCC_DYNAMIC_NO_PIC = NO;
				GCC_NO_COMMON_BLOCKS = YES;
				GCC_OPTIMIZATION_LEVEL = 0;
				GCC_PREPROCESSOR_DEFINITIONS = (
					"DEBUG=1",
					"$(inherited)",
				);
				GCC_WARN_64_TO_32_BIT_CONVERSION = YES;
				GCC_WARN_ABOUT_RETURN_TYPE = YES_ERROR;
				GCC_WARN_UNDECLARED_SELECTOR = YES;
				GCC_WARN_UNINITIALIZED_AUTOS = YES_AGGRESSIVE;
				GCC_WARN_UNUSED_FUNCTION = YES;
				GCC_WARN_UNUSED_VARIABLE = YES;
				IPHONEOS_DEPLOYMENT_TARGET = 10.3;
				MTL_ENABLE_DEBUG_INFO = YES;
				ONLY_ACTIVE_ARCH = YES;
				SDKROOT = iphoneos;
			};
			name = Debug;
		};
		5ED82F041EAF871B00BB13A1 /* Release */ = {
			isa = XCBuildConfiguration;
			buildSettings = {
				ALWAYS_SEARCH_USER_PATHS = NO;
				CLANG_ANALYZER_NONNULL = YES;
				CLANG_ANALYZER_NUMBER_OBJECT_CONVERSION = YES_AGGRESSIVE;
				CLANG_CXX_LANGUAGE_STANDARD = "gnu++0x";
				CLANG_CXX_LIBRARY = "libc++";
				CLANG_ENABLE_MODULES = YES;
				CLANG_ENABLE_OBJC_ARC = YES;
				CLANG_WARN_BOOL_CONVERSION = YES;
				CLANG_WARN_CONSTANT_CONVERSION = YES;
				CLANG_WARN_DIRECT_OBJC_ISA_USAGE = YES_ERROR;
				CLANG_WARN_DOCUMENTATION_COMMENTS = YES;
				CLANG_WARN_EMPTY_BODY = YES;
				CLANG_WARN_ENUM_CONVERSION = YES;
				CLANG_WARN_INFINITE_RECURSION = YES;
				CLANG_WARN_INT_CONVERSION = YES;
				CLANG_WARN_OBJC_ROOT_CLASS = YES_ERROR;
				CLANG_WARN_SUSPICIOUS_MOVE = YES;
				CLANG_WARN_UNREACHABLE_CODE = YES;
				CLANG_WARN__DUPLICATE_METHOD_MATCH = YES;
				"CODE_SIGN_IDENTITY[sdk=iphoneos*]" = "iPhone Developer";
				COPY_PHASE_STRIP = NO;
				DEBUG_INFORMATION_FORMAT = "dwarf-with-dsym";
				ENABLE_NS_ASSERTIONS = NO;
				ENABLE_STRICT_OBJC_MSGSEND = YES;
				GCC_C_LANGUAGE_STANDARD = gnu99;
				GCC_NO_COMMON_BLOCKS = YES;
				GCC_WARN_64_TO_32_BIT_CONVERSION = YES;
				GCC_WARN_ABOUT_RETURN_TYPE = YES_ERROR;
				GCC_WARN_UNDECLARED_SELECTOR = YES;
				GCC_WARN_UNINITIALIZED_AUTOS = YES_AGGRESSIVE;
				GCC_WARN_UNUSED_FUNCTION = YES;
				GCC_WARN_UNUSED_VARIABLE = YES;
				IPHONEOS_DEPLOYMENT_TARGET = 10.3;
				MTL_ENABLE_DEBUG_INFO = NO;
				SDKROOT = iphoneos;
				VALIDATE_PRODUCT = YES;
			};
			name = Release;
		};
		5ED82F061EAF871B00BB13A1 /* Debug */ = {
			isa = XCBuildConfiguration;
			buildSettings = {
				ASSETCATALOG_COMPILER_APPICON_NAME = AppIcon;
				CODE_SIGN_STYLE = Manual;
				DEVELOPMENT_TEAM = CB29T9LDGP;
				ENABLE_BITCODE = NO;
				HEADER_SEARCH_PATHS = "$(PROJECT_DIR)/EncryptDecryptDEMO/EncryptDecryptUtils/RSAUtils/";
				INFOPLIST_FILE = "$(SRCROOT)/EncryptDecryptDEMO/Other/Info.plist";
				LD_RUNPATH_SEARCH_PATHS = "$(inherited) @executable_path/Frameworks";
				LIBRARY_SEARCH_PATHS = (
					"$(PROJECT_DIR)/EncryptDecryptDEMO",
					"$(PROJECT_DIR)/EncryptDecryptDEMO/EncryptDecryptUtils/RSAUtils",
				);
				PRODUCT_BUNDLE_IDENTIFIER = zzz.dev.demo2;
				PRODUCT_NAME = "$(TARGET_NAME)";
				PROVISIONING_PROFILE = "f8e2a78b-8d3e-4081-a788-95df8b96dd49";
				PROVISIONING_PROFILE_SPECIFIER = "Zzz DEMO Project 2 Dev";
			};
			name = Debug;
		};
		5ED82F071EAF871B00BB13A1 /* Release */ = {
			isa = XCBuildConfiguration;
			buildSettings = {
				ASSETCATALOG_COMPILER_APPICON_NAME = AppIcon;
				CODE_SIGN_STYLE = Manual;
				DEVELOPMENT_TEAM = CB29T9LDGP;
				ENABLE_BITCODE = NO;
				HEADER_SEARCH_PATHS = "$(PROJECT_DIR)/EncryptDecryptDEMO/EncryptDecryptUtils/RSAUtils/";
				INFOPLIST_FILE = "$(SRCROOT)/EncryptDecryptDEMO/Other/Info.plist";
				LD_RUNPATH_SEARCH_PATHS = "$(inherited) @executable_path/Frameworks";
				LIBRARY_SEARCH_PATHS = (
					"$(PROJECT_DIR)/EncryptDecryptDEMO",
					"$(PROJECT_DIR)/EncryptDecryptDEMO/EncryptDecryptUtils/RSAUtils",
				);
				PRODUCT_BUNDLE_IDENTIFIER = zzz.dev.demo2;
				PRODUCT_NAME = "$(TARGET_NAME)";
				PROVISIONING_PROFILE = "f8e2a78b-8d3e-4081-a788-95df8b96dd49";
				PROVISIONING_PROFILE_SPECIFIER = "Zzz DEMO Project 2 Dev";
			};
			name = Release;
		};
		5ED82F091EAF871B00BB13A1 /* Debug */ = {
			isa = XCBuildConfiguration;
			buildSettings = {
				BUNDLE_LOADER = "$(TEST_HOST)";
				DEVELOPMENT_TEAM = CB29T9LDGP;
				INFOPLIST_FILE = EncryptDecryptDEMOTests/Info.plist;
				LD_RUNPATH_SEARCH_PATHS = "$(inherited) @executable_path/Frameworks @loader_path/Frameworks";
				PRODUCT_BUNDLE_IDENTIFIER = zhouzezhou.EncryptDecryptDEMOTests;
				PRODUCT_NAME = "$(TARGET_NAME)";
				TEST_HOST = "$(BUILT_PRODUCTS_DIR)/EncryptDecryptDEMO.app/EncryptDecryptDEMO";
			};
			name = Debug;
		};
		5ED82F0A1EAF871B00BB13A1 /* Release */ = {
			isa = XCBuildConfiguration;
			buildSettings = {
				BUNDLE_LOADER = "$(TEST_HOST)";
				DEVELOPMENT_TEAM = CB29T9LDGP;
				INFOPLIST_FILE = EncryptDecryptDEMOTests/Info.plist;
				LD_RUNPATH_SEARCH_PATHS = "$(inherited) @executable_path/Frameworks @loader_path/Frameworks";
				PRODUCT_BUNDLE_IDENTIFIER = zhouzezhou.EncryptDecryptDEMOTests;
				PRODUCT_NAME = "$(TARGET_NAME)";
				TEST_HOST = "$(BUILT_PRODUCTS_DIR)/EncryptDecryptDEMO.app/EncryptDecryptDEMO";
			};
			name = Release;
		};
		5ED82F0C1EAF871B00BB13A1 /* Debug */ = {
			isa = XCBuildConfiguration;
			buildSettings = {
				DEVELOPMENT_TEAM = CB29T9LDGP;
				INFOPLIST_FILE = EncryptDecryptDEMOUITests/Info.plist;
				LD_RUNPATH_SEARCH_PATHS = "$(inherited) @executable_path/Frameworks @loader_path/Frameworks";
				PRODUCT_BUNDLE_IDENTIFIER = zhouzezhou.EncryptDecryptDEMOUITests;
				PRODUCT_NAME = "$(TARGET_NAME)";
				TEST_TARGET_NAME = EncryptDecryptDEMO;
			};
			name = Debug;
		};
		5ED82F0D1EAF871B00BB13A1 /* Release */ = {
			isa = XCBuildConfiguration;
			buildSettings = {
				DEVELOPMENT_TEAM = CB29T9LDGP;
				INFOPLIST_FILE = EncryptDecryptDEMOUITests/Info.plist;
				LD_RUNPATH_SEARCH_PATHS = "$(inherited) @executable_path/Frameworks @loader_path/Frameworks";
				PRODUCT_BUNDLE_IDENTIFIER = zhouzezhou.EncryptDecryptDEMOUITests;
				PRODUCT_NAME = "$(TARGET_NAME)";
				TEST_TARGET_NAME = EncryptDecryptDEMO;
			};
			name = Release;
		};
/* End XCBuildConfiguration section */

/* Begin XCConfigurationList section */
		5ED82ED31EAF871A00BB13A1 /* Build configuration list for PBXProject "EncryptDecryptDEMO" */ = {
			isa = XCConfigurationList;
			buildConfigurations = (
				5ED82F031EAF871B00BB13A1 /* Debug */,
				5ED82F041EAF871B00BB13A1 /* Release */,
			);
			defaultConfigurationIsVisible = 0;
			defaultConfigurationName = Release;
		};
		5ED82F051EAF871B00BB13A1 /* Build configuration list for PBXNativeTarget "EncryptDecryptDEMO" */ = {
			isa = XCConfigurationList;
			buildConfigurations = (
				5ED82F061EAF871B00BB13A1 /* Debug */,
				5ED82F071EAF871B00BB13A1 /* Release */,
			);
			defaultConfigurationIsVisible = 0;
			defaultConfigurationName = Release;
		};
		5ED82F081EAF871B00BB13A1 /* Build configuration list for PBXNativeTarget "EncryptDecryptDEMOTests" */ = {
			isa = XCConfigurationList;
			buildConfigurations = (
				5ED82F091EAF871B00BB13A1 /* Debug */,
				5ED82F0A1EAF871B00BB13A1 /* Release */,
			);
			defaultConfigurationIsVisible = 0;
			defaultConfigurationName = Release;
		};
		5ED82F0B1EAF871B00BB13A1 /* Build configuration list for PBXNativeTarget "EncryptDecryptDEMOUITests" */ = {
			isa = XCConfigurationList;
			buildConfigurations = (
				5ED82F0C1EAF871B00BB13A1 /* Debug */,
				5ED82F0D1EAF871B00BB13A1 /* Release */,
			);
			defaultConfigurationIsVisible = 0;
			defaultConfigurationName = Release;
		};
/* End XCConfigurationList section */
	};
	rootObject = 5ED82ED01EAF871A00BB13A1 /* Project object */;
}
